// !$*UTF8*$!
{
	archiveVersion = 1;
	classes = {
	};
	objectVersion = 52;
	objects = {

/* Begin PBXBuildFile section */
		8471BCAC248E7D7800C57B0F /* AppDelegate.swift in Sources */ = {isa = PBXBuildFile; fileRef = 8471BCAB248E7D7800C57B0F /* AppDelegate.swift */; };
		8471BCAE248E7D7800C57B0F /* SceneDelegate.swift in Sources */ = {isa = PBXBuildFile; fileRef = 8471BCAD248E7D7800C57B0F /* SceneDelegate.swift */; };
		8471BCB0248E7D7800C57B0F /* ViewController.swift in Sources */ = {isa = PBXBuildFile; fileRef = 8471BCAF248E7D7800C57B0F /* ViewController.swift */; };
		8471BCB3248E7D7800C57B0F /* Main.storyboard in Resources */ = {isa = PBXBuildFile; fileRef = 8471BCB1248E7D7800C57B0F /* Main.storyboard */; };
		8471BCB5248E7D7C00C57B0F /* Assets.xcassets in Resources */ = {isa = PBXBuildFile; fileRef = 8471BCB4248E7D7C00C57B0F /* Assets.xcassets */; };
		8471BCB8248E7D7C00C57B0F /* LaunchScreen.storyboard in Resources */ = {isa = PBXBuildFile; fileRef = 8471BCB6248E7D7C00C57B0F /* LaunchScreen.storyboard */; };
		8471BCC3248E7D7D00C57B0F /* SwiftDemoTests.swift in Sources */ = {isa = PBXBuildFile; fileRef = 8471BCC2248E7D7D00C57B0F /* SwiftDemoTests.swift */; };
		8471BCCE248E7D7D00C57B0F /* SwiftDemoUITests.swift in Sources */ = {isa = PBXBuildFile; fileRef = 8471BCCD248E7D7D00C57B0F /* SwiftDemoUITests.swift */; };
/* End PBXBuildFile section */

/* Begin PBXContainerItemProxy section */
		8471BCBF248E7D7D00C57B0F /* PBXContainerItemProxy */ = {
			isa = PBXContainerItemProxy;
			containerPortal = 8471BCA0248E7D7800C57B0F /* Project object */;
			proxyType = 1;
			remoteGlobalIDString = 8471BCA7248E7D7800C57B0F;
			remoteInfo = SwiftDemo;
		};
		8471BCCA248E7D7D00C57B0F /* PBXContainerItemProxy */ = {
			isa = PBXContainerItemProxy;
			containerPortal = 8471BCA0248E7D7800C57B0F /* Project object */;
			proxyType = 1;
			remoteGlobalIDString = 8471BCA7248E7D7800C57B0F;
			remoteInfo = SwiftDemo;
		};
/* End PBXContainerItemProxy section */

/* Begin PBXFileReference section */
		8471BCA8248E7D7800C57B0F /* SwiftDemo.app */ = {isa = PBXFileReference; explicitFileType = wrapper.application; includeInIndex = 0; path = SwiftDemo.app; sourceTree = BUILT_PRODUCTS_DIR; };
		8471BCAB248E7D7800C57B0F /* AppDelegate.swift */ = {isa = PBXFileReference; lastKnownFileType = sourcecode.swift; path = AppDelegate.swift; sourceTree = "<group>"; };
		8471BCAD248E7D7800C57B0F /* SceneDelegate.swift */ = {isa = PBXFileReference; lastKnownFileType = sourcecode.swift; path = SceneDelegate.swift; sourceTree = "<group>"; };
		8471BCAF248E7D7800C57B0F /* ViewController.swift */ = {isa = PBXFileReference; lastKnownFileType = sourcecode.swift; path = ViewController.swift; sourceTree = "<group>"; };
		8471BCB2248E7D7800C57B0F /* Base */ = {isa = PBXFileReference; lastKnownFileType = file.storyboard; name = Base; path = Base.lproj/Main.storyboard; sourceTree = "<group>"; };
		8471BCB4248E7D7C00C57B0F /* Assets.xcassets */ = {isa = PBXFileReference; lastKnownFileType = folder.assetcatalog; path = Assets.xcassets; sourceTree = "<group>"; };
		8471BCB7248E7D7C00C57B0F /* Base */ = {isa = PBXFileReference; lastKnownFileType = file.storyboard; name = Base; path = Base.lproj/LaunchScreen.storyboard; sourceTree = "<group>"; };
		8471BCB9248E7D7C00C57B0F /* Info.plist */ = {isa = PBXFileReference; lastKnownFileType = text.plist.xml; path = Info.plist; sourceTree = "<group>"; };
		8471BCBE248E7D7D00C57B0F /* SwiftDemoTests.xctest */ = {isa = PBXFileReference; explicitFileType = wrapper.cfbundle; includeInIndex = 0; path = SwiftDemoTests.xctest; sourceTree = BUILT_PRODUCTS_DIR; };
		8471BCC2248E7D7D00C57B0F /* SwiftDemoTests.swift */ = {isa = PBXFileReference; lastKnownFileType = sourcecode.swift; path = SwiftDemoTests.swift; sourceTree = "<group>"; };
		8471BCC4248E7D7D00C57B0F /* Info.plist */ = {isa = PBXFileReference; lastKnownFileType = text.plist.xml; path = Info.plist; sourceTree = "<group>"; };
		8471BCC9248E7D7D00C57B0F /* SwiftDemoUITests.xctest */ = {isa = PBXFileReference; explicitFileType = wrapper.cfbundle; includeInIndex = 0; path = SwiftDemoUITests.xctest; sourceTree = BUILT_PRODUCTS_DIR; };
		8471BCCD248E7D7D00C57B0F /* SwiftDemoUITests.swift */ = {isa = PBXFileReference; lastKnownFileType = sourcecode.swift; path = SwiftDemoUITests.swift; sourceTree = "<group>"; };
		8471BCCF248E7D7D00C57B0F /* Info.plist */ = {isa = PBXFileReference; lastKnownFileType = text.plist.xml; path = Info.plist; sourceTree = "<group>"; };
/* End PBXFileReference section */

/* Begin PBXFrameworksBuildPhase section */
		8471BCA5248E7D7800C57B0F /* Frameworks */ = {
			isa = PBXFrameworksBuildPhase;
			buildActionMask = 2147483647;
			files = (
			);
			runOnlyForDeploymentPostprocessing = 0;
		};
		8471BCBB248E7D7D00C57B0F /* Frameworks */ = {
			isa = PBXFrameworksBuildPhase;
			buildActionMask = 2147483647;
			files = (
			);
			runOnlyForDeploymentPostprocessing = 0;
		};
		8471BCC6248E7D7D00C57B0F /* Frameworks */ = {
			isa = PBXFrameworksBuildPhase;
			buildActionMask = 2147483647;
			files = (
			);
			runOnlyForDeploymentPostprocessing = 0;
		};
/* End PBXFrameworksBuildPhase section */

/* Begin PBXGroup section */
		8471BC9F248E7D7800C57B0F = {
			isa = PBXGroup;
			children = (
				8471BCAA248E7D7800C57B0F /* SwiftDemo */,
				8471BCC1248E7D7D00C57B0F /* SwiftDemoTests */,
				8471BCCC248E7D7D00C57B0F /* SwiftDemoUITests */,
				8471BCA9248E7D7800C57B0F /* Products */,
			);
			sourceTree = "<group>";
		};
		8471BCA9248E7D7800C57B0F /* Products */ = {
			isa = PBXGroup;
			children = (
				8471BCA8248E7D7800C57B0F /* SwiftDemo.app */,
				8471BCBE248E7D7D00C57B0F /* SwiftDemoTests.xctest */,
				8471BCC9248E7D7D00C57B0F /* SwiftDemoUITests.xctest */,
			);
			name = Products;
			sourceTree = "<group>";
		};
		8471BCAA248E7D7800C57B0F /* SwiftDemo */ = {
			isa = PBXGroup;
			children = (
				8471BCAB248E7D7800C57B0F /* AppDelegate.swift */,
				8471BCAD248E7D7800C57B0F /* SceneDelegate.swift */,
				8471BCAF248E7D7800C57B0F /* ViewController.swift */,
				8471BCB1248E7D7800C57B0F /* Main.storyboard */,
				8471BCB4248E7D7C00C57B0F /* Assets.xcassets */,
				8471BCB6248E7D7C00C57B0F /* LaunchScreen.storyboard */,
				8471BCB9248E7D7C00C57B0F /* Info.plist */,
			);
			path = SwiftDemo;
			sourceTree = "<group>";
		};
		8471BCC1248E7D7D00C57B0F /* SwiftDemoTests */ = {
			isa = PBXGroup;
			children = (
				8471BCC2248E7D7D00C57B0F /* SwiftDemoTests.swift */,
				8471BCC4248E7D7D00C57B0F /* Info.plist */,
			);
			path = SwiftDemoTests;
			sourceTree = "<group>";
		};
		8471BCCC248E7D7D00C57B0F /* SwiftDemoUITests */ = {
			isa = PBXGroup;
			children = (
				8471BCCD248E7D7D00C57B0F /* SwiftDemoUITests.swift */,
				8471BCCF248E7D7D00C57B0F /* Info.plist */,
			);
			path = SwiftDemoUITests;
			sourceTree = "<group>";
		};
/* End PBXGroup section */

/* Begin PBXNativeTarget section */
		8471BCA7248E7D7800C57B0F /* SwiftDemo */ = {
			isa = PBXNativeTarget;
			buildConfigurationList = 8471BCD2248E7D7D00C57B0F /* Build configuration list for PBXNativeTarget "SwiftDemo" */;
			buildPhases = (
				8471BCA4248E7D7800C57B0F /* Sources */,
				8471BCA5248E7D7800C57B0F /* Frameworks */,
				8471BCA6248E7D7800C57B0F /* Resources */,
			);
			buildRules = (
			);
			dependencies = (
			);
			name = SwiftDemo;
			packageProductDependencies = (
			);
			productName = SwiftDemo;
			productReference = 8471BCA8248E7D7800C57B0F /* SwiftDemo.app */;
			productType = "com.apple.product-type.application";
		};
		8471BCBD248E7D7D00C57B0F /* SwiftDemoTests */ = {
			isa = PBXNativeTarget;
			buildConfigurationList = 8471BCD5248E7D7D00C57B0F /* Build configuration list for PBXNativeTarget "SwiftDemoTests" */;
			buildPhases = (
				8471BCBA248E7D7D00C57B0F /* Sources */,
				8471BCBB248E7D7D00C57B0F /* Frameworks */,
				8471BCBC248E7D7D00C57B0F /* Resources */,
			);
			buildRules = (
			);
			dependencies = (
				8471BCC0248E7D7D00C57B0F /* PBXTargetDependency */,
			);
			name = SwiftDemoTests;
			productName = SwiftDemoTests;
			productReference = 8471BCBE248E7D7D00C57B0F /* SwiftDemoTests.xctest */;
			productType = "com.apple.product-type.bundle.unit-test";
		};
		8471BCC8248E7D7D00C57B0F /* SwiftDemoUITests */ = {
			isa = PBXNativeTarget;
			buildConfigurationList = 8471BCD8248E7D7D00C57B0F /* Build configuration list for PBXNativeTarget "SwiftDemoUITests" */;
			buildPhases = (
				8471BCC5248E7D7D00C57B0F /* Sources */,
				8471BCC6248E7D7D00C57B0F /* Frameworks */,
				8471BCC7248E7D7D00C57B0F /* Resources */,
			);
			buildRules = (
			);
			dependencies = (
				8471BCCB248E7D7D00C57B0F /* PBXTargetDependency */,
			);
			name = SwiftDemoUITests;
			productName = SwiftDemoUITests;
			productReference = 8471BCC9248E7D7D00C57B0F /* SwiftDemoUITests.xctest */;
			productType = "com.apple.product-type.bundle.ui-testing";
		};
/* End PBXNativeTarget section */

/* Begin PBXProject section */
		8471BCA0248E7D7800C57B0F /* Project object */ = {
			isa = PBXProject;
			attributes = {
				LastSwiftUpdateCheck = 1140;
				LastUpgradeCheck = 1200;
				ORGANIZATIONNAME = "马鑫";
				TargetAttributes = {
					8471BCA7248E7D7800C57B0F = {
						CreatedOnToolsVersion = 11.4.1;
					};
					8471BCBD248E7D7D00C57B0F = {
						CreatedOnToolsVersion = 11.4.1;
						TestTargetID = 8471BCA7248E7D7800C57B0F;
					};
					8471BCC8248E7D7D00C57B0F = {
						CreatedOnToolsVersion = 11.4.1;
						TestTargetID = 8471BCA7248E7D7800C57B0F;
					};
				};
			};
			buildConfigurationList = 8471BCA3248E7D7800C57B0F /* Build configuration list for PBXProject "SwiftDemo" */;
			compatibilityVersion = "Xcode 9.3";
			developmentRegion = en;
			hasScannedForEncodings = 0;
			knownRegions = (
				en,
				Base,
			);
			mainGroup = 8471BC9F248E7D7800C57B0F;
			packageReferences = (
				84F859C424BC641A00938DED /* XCRemoteSwiftPackageReference "AttributedStringBuilder" */,
			);
			productRefGroup = 8471BCA9248E7D7800C57B0F /* Products */;
			projectDirPath = "";
			projectRoot = "";
			targets = (
				8471BCA7248E7D7800C57B0F /* SwiftDemo */,
				8471BCBD248E7D7D00C57B0F /* SwiftDemoTests */,
				8471BCC8248E7D7D00C57B0F /* SwiftDemoUITests */,
			);
		};
/* End PBXProject section */

/* Begin PBXResourcesBuildPhase section */
		8471BCA6248E7D7800C57B0F /* Resources */ = {
			isa = PBXResourcesBuildPhase;
			buildActionMask = 2147483647;
			files = (
				8471BCB8248E7D7C00C57B0F /* LaunchScreen.storyboard in Resources */,
				8471BCB5248E7D7C00C57B0F /* Assets.xcassets in Resources */,
				8471BCB3248E7D7800C57B0F /* Main.storyboard in Resources */,
			);
			runOnlyForDeploymentPostprocessing = 0;
		};
		8471BCBC248E7D7D00C57B0F /* Resources */ = {
			isa = PBXResourcesBuildPhase;
			buildActionMask = 2147483647;
			files = (
			);
			runOnlyForDeploymentPostprocessing = 0;
		};
		8471BCC7248E7D7D00C57B0F /* Resources */ = {
			isa = PBXResourcesBuildPhase;
			buildActionMask = 2147483647;
			files = (
			);
			runOnlyForDeploymentPostprocessing = 0;
		};
/* End PBXResourcesBuildPhase section */

/* Begin PBXSourcesBuildPhase section */
		8471BCA4248E7D7800C57B0F /* Sources */ = {
			isa = PBXSourcesBuildPhase;
			buildActionMask = 2147483647;
			files = (
				8471BCB0248E7D7800C57B0F /* ViewController.swift in Sources */,
				8471BCAC248E7D7800C57B0F /* AppDelegate.swift in Sources */,
				8471BCAE248E7D7800C57B0F /* SceneDelegate.swift in Sources */,
			);
			runOnlyForDeploymentPostprocessing = 0;
		};
		8471BCBA248E7D7D00C57B0F /* Sources */ = {
			isa = PBXSourcesBuildPhase;
			buildActionMask = 2147483647;
			files = (
				8471BCC3248E7D7D00C57B0F /* SwiftDemoTests.swift in Sources */,
			);
			runOnlyForDeploymentPostprocessing = 0;
		};
		8471BCC5248E7D7D00C57B0F /* Sources */ = {
			isa = PBXSourcesBuildPhase;
			buildActionMask = 2147483647;
			files = (
				8471BCCE248E7D7D00C57B0F /* SwiftDemoUITests.swift in Sources */,
			);
			runOnlyForDeploymentPostprocessing = 0;
		};
/* End PBXSourcesBuildPhase section */

/* Begin PBXTargetDependency section */
		8471BCC0248E7D7D00C57B0F /* PBXTargetDependency */ = {
			isa = PBXTargetDependency;
			target = 8471BCA7248E7D7800C57B0F /* SwiftDemo */;
			targetProxy = 8471BCBF248E7D7D00C57B0F /* PBXContainerItemProxy */;
		};
		8471BCCB248E7D7D00C57B0F /* PBXTargetDependency */ = {
			isa = PBXTargetDependency;
			target = 8471BCA7248E7D7800C57B0F /* SwiftDemo */;
			targetProxy = 8471BCCA248E7D7D00C57B0F /* PBXContainerItemProxy */;
		};
/* End PBXTargetDependency section */

/* Begin PBXVariantGroup section */
		8471BCB1248E7D7800C57B0F /* Main.storyboard */ = {
			isa = PBXVariantGroup;
			children = (
				8471BCB2248E7D7800C57B0F /* Base */,
			);
			name = Main.storyboard;
			sourceTree = "<group>";
		};
		8471BCB6248E7D7C00C57B0F /* LaunchScreen.storyboard */ = {
			isa = PBXVariantGroup;
			children = (
				8471BCB7248E7D7C00C57B0F /* Base */,
			);
			name = LaunchScreen.storyboard;
			sourceTree = "<group>";
		};
/* End PBXVariantGroup section */

/* Begin XCBuildConfiguration section */
		8471BCD0248E7D7D00C57B0F /* Debug */ = {
			isa = XCBuildConfiguration;
			buildSettings = {
				ALWAYS_SEARCH_USER_PATHS = NO;
				CLANG_ANALYZER_NONNULL = YES;
				CLANG_ANALYZER_NUMBER_OBJECT_CONVERSION = YES_AGGRESSIVE;
				CLANG_CXX_LANGUAGE_STANDARD = "gnu++14";
				CLANG_CXX_LIBRARY = "libc++";
				CLANG_ENABLE_MODULES = YES;
				CLANG_ENABLE_OBJC_ARC = YES;
				CLANG_ENABLE_OBJC_WEAK = YES;
				CLANG_WARN_BLOCK_CAPTURE_AUTORELEASING = YES;
				CLANG_WARN_BOOL_CONVERSION = YES;
				CLANG_WARN_COMMA = YES;
				CLANG_WARN_CONSTANT_CONVERSION = YES;
				CLANG_WARN_DEPRECATED_OBJC_IMPLEMENTATIONS = YES;
				CLANG_WARN_DIRECT_OBJC_ISA_USAGE = YES_ERROR;
				CLANG_WARN_DOCUMENTATION_COMMENTS = YES;
				CLANG_WARN_EMPTY_BODY = YES;
				CLANG_WARN_ENUM_CONVERSION = YES;
				CLANG_WARN_INFINITE_RECURSION = YES;
				CLANG_WARN_INT_CONVERSION = YES;
				CLANG_WARN_NON_LITERAL_NULL_CONVERSION = YES;
				CLANG_WARN_OBJC_IMPLICIT_RETAIN_SELF = YES;
				CLANG_WARN_OBJC_LITERAL_CONVERSION = YES;
				CLANG_WARN_OBJC_ROOT_CLASS = YES_ERROR;
				CLANG_WARN_QUOTED_INCLUDE_IN_FRAMEWORK_HEADER = YES;
				CLANG_WARN_RANGE_LOOP_ANALYSIS = YES;
				CLANG_WARN_STRICT_PROTOTYPES = YES;
				CLANG_WARN_SUSPICIOUS_MOVE = YES;
				CLANG_WARN_UNGUARDED_AVAILABILITY = YES_AGGRESSIVE;
				CLANG_WARN_UNREACHABLE_CODE = YES;
				CLANG_WARN__DUPLICATE_METHOD_MATCH = YES;
				COPY_PHASE_STRIP = NO;
				DEBUG_INFORMATION_FORMAT = dwarf;
				ENABLE_STRICT_OBJC_MSGSEND = YES;
				ENABLE_TESTABILITY = YES;
				GCC_C_LANGUAGE_STANDARD = gnu11;
				GCC_DYNAMIC_NO_PIC = NO;
				GCC_NO_COMMON_BLOCKS = YES;
				GCC_OPTIMIZATION_LEVEL = 0;
				GCC_PREPROCESSOR_DEFINITIONS = (
					"DEBUG=1",
					"$(inherited)",
				);
				GCC_WARN_64_TO_32_BIT_CONVERSION = YES;
				GCC_WARN_ABOUT_RETURN_TYPE = YES_ERROR;
				GCC_WARN_UNDECLARED_SELECTOR = YES;
				GCC_WARN_UNINITIALIZED_AUTOS = YES_AGGRESSIVE;
				GCC_WARN_UNUSED_FUNCTION = YES;
				GCC_WARN_UNUSED_VARIABLE = YES;
				IPHONEOS_DEPLOYMENT_TARGET = 13.4;
				MTL_ENABLE_DEBUG_INFO = INCLUDE_SOURCE;
				MTL_FAST_MATH = YES;
				ONLY_ACTIVE_ARCH = YES;
				SDKROOT = iphoneos;
				SWIFT_ACTIVE_COMPILATION_CONDITIONS = DEBUG;
				SWIFT_OPTIMIZATION_LEVEL = "-Onone";
			};
			name = Debug;
		};
		8471BCD1248E7D7D00C57B0F /* Release */ = {
			isa = XCBuildConfiguration;
			buildSettings = {
				ALWAYS_SEARCH_USER_PATHS = NO;
				CLANG_ANALYZER_NONNULL = YES;
				CLANG_ANALYZER_NUMBER_OBJECT_CONVERSION = YES_AGGRESSIVE;
				CLANG_CXX_LANGUAGE_STANDARD = "gnu++14";
				CLANG_CXX_LIBRARY = "libc++";
				CLANG_ENABLE_MODULES = YES;
				CLANG_ENABLE_OBJC_ARC = YES;
				CLANG_ENABLE_OBJC_WEAK = YES;
				CLANG_WARN_BLOCK_CAPTURE_AUTORELEASING = YES;
				CLANG_WARN_BOOL_CONVERSION = YES;
				CLANG_WARN_COMMA = YES;
				CLANG_WARN_CONSTANT_CONVERSION = YES;
				CLANG_WARN_DEPRECATED_OBJC_IMPLEMENTATIONS = YES;
				CLANG_WARN_DIRECT_OBJC_ISA_USAGE = YES_ERROR;
				CLANG_WARN_DOCUMENTATION_COMMENTS = YES;
				CLANG_WARN_EMPTY_BODY = YES;
				CLANG_WARN_ENUM_CONVERSION = YES;
				CLANG_WARN_INFINITE_RECURSION = YES;
				CLANG_WARN_INT_CONVERSION = YES;
				CLANG_WARN_NON_LITERAL_NULL_CONVERSION = YES;
				CLANG_WARN_OBJC_IMPLICIT_RETAIN_SELF = YES;
				CLANG_WARN_OBJC_LITERAL_CONVERSION = YES;
				CLANG_WARN_OBJC_ROOT_CLASS = YES_ERROR;
				CLANG_WARN_QUOTED_INCLUDE_IN_FRAMEWORK_HEADER = YES;
				CLANG_WARN_RANGE_LOOP_ANALYSIS = YES;
				CLANG_WARN_STRICT_PROTOTYPES = YES;
				CLANG_WARN_SUSPICIOUS_MOVE = YES;
				CLANG_WARN_UNGUARDED_AVAILABILITY = YES_AGGRESSIVE;
				CLANG_WARN_UNREACHABLE_CODE = YES;
				CLANG_WARN__DUPLICATE_METHOD_MATCH = YES;
				COPY_PHASE_STRIP = NO;
				DEBUG_INFORMATION_FORMAT = "dwarf-with-dsym";
				ENABLE_NS_ASSERTIONS = NO;
				ENABLE_STRICT_OBJC_MSGSEND = YES;
				GCC_C_LANGUAGE_STANDARD = gnu11;
				GCC_NO_COMMON_BLOCKS = YES;
				GCC_WARN_64_TO_32_BIT_CONVERSION = YES;
				GCC_WARN_ABOUT_RETURN_TYPE = YES_ERROR;
				GCC_WARN_UNDECLARED_SELECTOR = YES;
				GCC_WARN_UNINITIALIZED_AUTOS = YES_AGGRESSIVE;
				GCC_WARN_UNUSED_FUNCTION = YES;
				GCC_WARN_UNUSED_VARIABLE = YES;
				IPHONEOS_DEPLOYMENT_TARGET = 13.4;
				MTL_ENABLE_DEBUG_INFO = NO;
				MTL_FAST_MATH = YES;
				SDKROOT = iphoneos;
				SWIFT_COMPILATION_MODE = wholemodule;
				SWIFT_OPTIMIZATION_LEVEL = "-O";
				VALIDATE_PRODUCT = YES;
			};
			name = Release;
		};
		8471BCD3248E7D7D00C57B0F /* Debug */ = {
			isa = XCBuildConfiguration;
			buildSettings = {
				ASSETCATALOG_COMPILER_APPICON_NAME = AppIcon;
				CODE_SIGN_STYLE = Automatic;
				INFOPLIST_FILE = SwiftDemo/Info.plist;
				LD_RUNPATH_SEARCH_PATHS = (
					"$(inherited)",
					"@executable_path/Frameworks",
				);
				PRODUCT_BUNDLE_IDENTIFIER = com.maxin.SwiftDemo;
				PRODUCT_NAME = "$(TARGET_NAME)";
				SWIFT_VERSION = 5.0;
				TARGETED_DEVICE_FAMILY = "1,2";
			};
			name = Debug;
		};
		8471BCD4248E7D7D00C57B0F /* Release */ = {
			isa = XCBuildConfiguration;
			buildSettings = {
				ASSETCATALOG_COMPILER_APPICON_NAME = AppIcon;
				CODE_SIGN_STYLE = Automatic;
				INFOPLIST_FILE = SwiftDemo/Info.plist;
				LD_RUNPATH_SEARCH_PATHS = (
					"$(inherited)",
					"@executable_path/Frameworks",
				);
				PRODUCT_BUNDLE_IDENTIFIER = com.maxin.SwiftDemo;
				PRODUCT_NAME = "$(TARGET_NAME)";
				SWIFT_VERSION = 5.0;
				TARGETED_DEVICE_FAMILY = "1,2";
			};
			name = Release;
		};
		8471BCD6248E7D7D00C57B0F /* Debug */ = {
			isa = XCBuildConfiguration;
			buildSettings = {
				ALWAYS_EMBED_SWIFT_STANDARD_LIBRARIES = YES;
				BUNDLE_LOADER = "$(TEST_HOST)";
				CODE_SIGN_STYLE = Automatic;
				INFOPLIST_FILE = SwiftDemoTests/Info.plist;
				IPHONEOS_DEPLOYMENT_TARGET = 13.4;
				LD_RUNPATH_SEARCH_PATHS = (
					"$(inherited)",
					"@executable_path/Frameworks",
					"@loader_path/Frameworks",
				);
				PRODUCT_BUNDLE_IDENTIFIER = com.maxin.SwiftDemoTests;
				PRODUCT_NAME = "$(TARGET_NAME)";
				SWIFT_VERSION = 5.0;
				TARGETED_DEVICE_FAMILY = "1,2";
				TEST_HOST = "$(BUILT_PRODUCTS_DIR)/SwiftDemo.app/SwiftDemo";
			};
			name = Debug;
		};
		8471BCD7248E7D7D00C57B0F /* Release */ = {
			isa = XCBuildConfiguration;
			buildSettings = {
				ALWAYS_EMBED_SWIFT_STANDARD_LIBRARIES = YES;
				BUNDLE_LOADER = "$(TEST_HOST)";
				CODE_SIGN_STYLE = Automatic;
				INFOPLIST_FILE = SwiftDemoTests/Info.plist;
				IPHONEOS_DEPLOYMENT_TARGET = 13.4;
				LD_RUNPATH_SEARCH_PATHS = (
					"$(inherited)",
					"@executable_path/Frameworks",
					"@loader_path/Frameworks",
				);
				PRODUCT_BUNDLE_IDENTIFIER = com.maxin.SwiftDemoTests;
				PRODUCT_NAME = "$(TARGET_NAME)";
				SWIFT_VERSION = 5.0;
				TARGETED_DEVICE_FAMILY = "1,2";
				TEST_HOST = "$(BUILT_PRODUCTS_DIR)/SwiftDemo.app/SwiftDemo";
			};
			name = Release;
		};
		8471BCD9248E7D7D00C57B0F /* Debug */ = {
			isa = XCBuildConfiguration;
			buildSettings = {
				ALWAYS_EMBED_SWIFT_STANDARD_LIBRARIES = YES;
				CODE_SIGN_STYLE = Automatic;
				INFOPLIST_FILE = SwiftDemoUITests/Info.plist;
				LD_RUNPATH_SEARCH_PATHS = (
					"$(inherited)",
					"@executable_path/Frameworks",
					"@loader_path/Frameworks",
				);
				PRODUCT_BUNDLE_IDENTIFIER = com.maxin.SwiftDemoUITests;
				PRODUCT_NAME = "$(TARGET_NAME)";
				SWIFT_VERSION = 5.0;
				TARGETED_DEVICE_FAMILY = "1,2";
				TEST_TARGET_NAME = SwiftDemo;
			};
			name = Debug;
		};
		8471BCDA248E7D7D00C57B0F /* Release */ = {
			isa = XCBuildConfiguration;
			buildSettings = {
				ALWAYS_EMBED_SWIFT_STANDARD_LIBRARIES = YES;
				CODE_SIGN_STYLE = Automatic;
				INFOPLIST_FILE = SwiftDemoUITests/Info.plist;
				LD_RUNPATH_SEARCH_PATHS = (
					"$(inherited)",
					"@executable_path/Frameworks",
					"@loader_path/Frameworks",
				);
				PRODUCT_BUNDLE_IDENTIFIER = com.maxin.SwiftDemoUITests;
				PRODUCT_NAME = "$(TARGET_NAME)";
				SWIFT_VERSION = 5.0;
				TARGETED_DEVICE_FAMILY = "1,2";
				TEST_TARGET_NAME = SwiftDemo;
			};
			name = Release;
		};
/* End XCBuildConfiguration section */

/* Begin XCConfigurationList section */
		8471BCA3248E7D7800C57B0F /* Build configuration list for PBXProject "SwiftDemo" */ = {
			isa = XCConfigurationList;
			buildConfigurations = (
				8471BCD0248E7D7D00C57B0F /* Debug */,
				8471BCD1248E7D7D00C57B0F /* Release */,
			);
			defaultConfigurationIsVisible = 0;
			defaultConfigurationName = Release;
		};
		8471BCD2248E7D7D00C57B0F /* Build configuration list for PBXNativeTarget "SwiftDemo" */ = {
			isa = XCConfigurationList;
			buildConfigurations = (
				8471BCD3248E7D7D00C57B0F /* Debug */,
				8471BCD4248E7D7D00C57B0F /* Release */,
			);
			defaultConfigurationIsVisible = 0;
			defaultConfigurationName = Release;
		};
		8471BCD5248E7D7D00C57B0F /* Build configuration list for PBXNativeTarget "SwiftDemoTests" */ = {
			isa = XCConfigurationList;
			buildConfigurations = (
				8471BCD6248E7D7D00C57B0F /* Debug */,
				8471BCD7248E7D7D00C57B0F /* Release */,
			);
			defaultConfigurationIsVisible = 0;
			defaultConfigurationName = Release;
		};
		8471BCD8248E7D7D00C57B0F /* Build configuration list for PBXNativeTarget "SwiftDemoUITests" */ = {
			isa = XCConfigurationList;
			buildConfigurations = (
				8471BCD9248E7D7D00C57B0F /* Debug */,
				8471BCDA248E7D7D00C57B0F /* Release */,
			);
			defaultConfigurationIsVisible = 0;
			defaultConfigurationName = Release;
		};
/* End XCConfigurationList section */

/* Begin XCRemoteSwiftPackageReference section */
		84F859C424BC641A00938DED /* XCRemoteSwiftPackageReference "AttributedStringBuilder" */ = {
			isa = XCRemoteSwiftPackageReference;
			repositoryURL = "https://github.com/carson-katri/AttributedStringBuilder";
			requirement = {
				kind = upToNextMajorVersion;
				minimumVersion = 1.0.0;
			};
		};
/* End XCRemoteSwiftPackageReference section */
	};
	rootObject = 8471BCA0248E7D7800C57B0F /* Project object */;
}
